{
  "name": "test",
  "lockfileVersion": 3,
  "requires": true,
  "packages": {
    "": {
      "dependencies": {
        "lib": "file:../lib",
        "pareto-core-dev": "^0.12.0",
        "pareto-host-nodejs": "^0.2.0"
      }
    },
    "../lib": {
      "name": "pareto-fountain-pen",
      "version": "0.4.78",
      "license": "Apache-2.0",
      "dependencies": {
        "pareto-core": "^0.1.0",
        "pareto-core-shorthands": "^0.2.0"
      },
      "engines": {
        "node": ">=14.0.0"
      }
    },
    "node_modules/astn-core": {
      "version": "0.5.124",
      "resolved": "https://registry.npmjs.org/astn-core/-/astn-core-0.5.124.tgz",
      "integrity": "sha512-zSgBwTic0qJ70v/RWk7bVhqnVrKC82Xtv7u1KWJPb+prD6D4iSqvdGEt4UTGPvxoyD2eKX6sIeJFeYyHi2nchg==",
      "license": "Apache-2.0",
      "dependencies": {
        "pareto-core": "^0.1.0",
        "pareto-fountain-pen": "^0.4.0"
      }
    },
    "node_modules/liana-core": {
      "version": "0.1.33",
      "resolved": "https://registry.npmjs.org/liana-core/-/liana-core-0.1.33.tgz",
      "integrity": "sha512-82y5F+/P80MtdhVjibhYiPlLJBtUdqnosy5evFn8DR3U0zcxciH44+KJZu/x6sUWvD1fGBh9fLBsZUBOf1UbBw==",
      "license": "Apache-2.0",
      "dependencies": {
        "astn-core": "^0.5.0",
        "pareto-core": "^0.1.0"
      }
    },
    "node_modules/lib": {
      "resolved": "../lib",
      "link": true
    },
    "node_modules/pareto-core": {
      "version": "0.1.238",
      "resolved": "https://registry.npmjs.org/pareto-core/-/pareto-core-0.1.238.tgz",
      "integrity": "sha512-sIQMeHfWFDYnseo73ZIpC00g7MQiWoG587lm3ahl/m/fE7UvBfIluXi93Ccjz/vOUkjhrPj7aMiC2pOaaSLLTg==",
      "license": "Apache-2.0"
    },
    "node_modules/pareto-core-dev": {
      "version": "0.12.21",
      "resolved": "https://registry.npmjs.org/pareto-core-dev/-/pareto-core-dev-0.12.21.tgz",
      "integrity": "sha512-swnciQd/l1CAzHMF705J2aTxcwXaEdZLF3tOO2FzKLTziOZ3dewM52mtJQydPQ9QpO7vnucxZcFo/FuPjHY0FQ==",
      "license": "Apache-2.0",
      "dependencies": {
        "pareto-core": "^0.1.0"
      }
    },
    "node_modules/pareto-core-shorthands": {
      "version": "0.2.53",
      "resolved": "https://registry.npmjs.org/pareto-core-shorthands/-/pareto-core-shorthands-0.2.53.tgz",
      "integrity": "sha512-s0VEtQch95FFW1UKnD+erkcA3RwiLKn0nnGrYhugIw/sFPyw5wNe7G03624z+fKcCDRVKpqw51KNfzjeWwmklA==",
      "license": "Apache-2.0",
      "dependencies": {
        "liana-core": "^0.1.0",
        "pareto-core": "^0.1.0"
      }
    },
    "node_modules/pareto-fountain-pen": {
      "version": "0.4.78",
      "resolved": "https://registry.npmjs.org/pareto-fountain-pen/-/pareto-fountain-pen-0.4.78.tgz",
      "integrity": "sha512-09rw97FFgzoNtwoB+g2yGKm0I45Wg+iL21QhCJ8fC37mrEceEPgQFYq+pL7AtnoSi0lpyZa/2OKA34dk7YiuPg==",
      "license": "Apache-2.0",
      "dependencies": {
        "pareto-core": "^0.1.0",
        "pareto-core-shorthands": "^0.2.0"
      },
      "engines": {
        "node": ">=14.0.0"
      }
    },
    "node_modules/pareto-host-nodejs": {
      "version": "0.2.83",
      "resolved": "https://registry.npmjs.org/pareto-host-nodejs/-/pareto-host-nodejs-0.2.83.tgz",
      "integrity": "sha512-e9dttkdd8/MjRSBcK8skdmUyb3zNCcLhFcbUFhEq4Zgg0LM+AZzxt3KJQ/fkD0UNIGlimFPvPrPV0ZUJlcMK5g==",
      "license": "Apache-2.0",
      "dependencies": {
        "pareto-resources": "^0.2.0",
        "pareto-stream": "^0.1.0"
      }
    },
    "node_modules/pareto-resources": {
      "version": "0.2.131",
      "resolved": "https://registry.npmjs.org/pareto-resources/-/pareto-resources-0.2.131.tgz",
      "integrity": "sha512-a2YLHEJCSr+7xLutupuvwVhppDR/fWzdDrm6l35mMHBOjBVhfabZ5iYvbpOrNWVWbPipWG0VQf+8LHvpq3/VYw==",
      "license": "Apache-2.0",
      "dependencies": {
        "liana-core": "^0.1.0",
        "pareto-core": "^0.1.0",
        "pareto-core-dev": "^0.12.0",
        "pareto-fountain-pen": "^0.4.0"
      }
    },
    "node_modules/pareto-stream": {
      "version": "0.1.16",
      "resolved": "https://registry.npmjs.org/pareto-stream/-/pareto-stream-0.1.16.tgz",
      "integrity": "sha512-j7n2XpKm+mKLwaGFiLqu9BQZECNZuO5T+vD+/y0LyaDN/9bA623IvC3d9WxrTh6Pm9ae6Z/NX37almM0AZ4BVw==",
      "license": "Apache-2.0",
      "dependencies": {
        "liana-core": "^0.1.0",
        "pareto-core-dev": "^0.12.0",
        "pareto-fountain-pen": "^0.4.0"
      }
    }
  }
}
