{
  "name": "test",
  "lockfileVersion": 3,
  "requires": true,
  "packages": {
    "": {
      "dependencies": {
        "pareto-core-dev": "^0.12.6",
        "pareto-host-nodejs": "^0.2.15",
        "pub": "file:../pub"
      }
    },
    "../pub": {
      "name": "pareto-fountain-pen",
      "version": "0.4.10",
      "license": "Apache-2.0",
      "dependencies": {
        "pareto-core": "^0.1.27",
        "pareto-core-shorthands": "^0.2.17"
      },
      "engines": {
        "node": ">=14.0.0"
      }
    },
    "node_modules/astn-core": {
      "version": "0.5.15",
      "resolved": "https://registry.npmjs.org/astn-core/-/astn-core-0.5.15.tgz",
      "integrity": "sha512-/TeHKrC119tghn0bA3yiFxCLS9ew7RqVJx3jhFkCbFPrNC4Ooc41XIjXVjk/jhqPOypIhQL8z43dWqFBXnxqiA==",
      "license": "Apache-2.0",
      "dependencies": {
        "pareto-fountain-pen": "^0.4.10"
      }
    },
    "node_modules/liana-core": {
      "version": "0.0.3",
      "resolved": "https://registry.npmjs.org/liana-core/-/liana-core-0.0.3.tgz",
      "integrity": "sha512-zfvoo8N9gm2+2jjm31xDDqnbd4MGZPKnZJ9AraALSAlTqmxX/ApJnncESuF0rOIGZy1ZyYwL9OH+6/kwBpzY/Q==",
      "dependencies": {
        "pareto-core": "^0.1.8"
      }
    },
    "node_modules/pareto-core": {
      "version": "0.1.27",
      "resolved": "https://registry.npmjs.org/pareto-core/-/pareto-core-0.1.27.tgz",
      "integrity": "sha512-C/EIT3dtZGt30IOLkHmbypwI+ps/15eTgP/96PqmmMUaVmm4+IId4hKQYw1UWDqZMfPpm0TYuIUjHY66PCyHDQ==",
      "license": "ISC"
    },
    "node_modules/pareto-core-dev": {
      "version": "0.12.6",
      "resolved": "https://registry.npmjs.org/pareto-core-dev/-/pareto-core-dev-0.12.6.tgz",
      "integrity": "sha512-85V0ccj/OilXZc5wSJ/1qWV07AuvVHier1ZimdY0Hh92okF0nFiNBGxRtM5J+0jgiwCMbo1JLr/ucTsgA69D5g==",
      "license": "ISC",
      "dependencies": {
        "pareto-core": "^0.1.25"
      }
    },
    "node_modules/pareto-core-shorthands": {
      "version": "0.2.17",
      "resolved": "https://registry.npmjs.org/pareto-core-shorthands/-/pareto-core-shorthands-0.2.17.tgz",
      "integrity": "sha512-5j6bCRoTEzDHEWPBMnITA5Qf2qxNizhe5WjDLwbZrYK/OYIvJsYVZIUx/8kIUnBMNg8nk50cP4jOleEGZmKLPg==",
      "license": "ISC",
      "dependencies": {
        "pareto-core": "^0.1.25"
      }
    },
    "node_modules/pareto-fountain-pen": {
      "version": "0.4.10",
      "resolved": "https://registry.npmjs.org/pareto-fountain-pen/-/pareto-fountain-pen-0.4.10.tgz",
      "integrity": "sha512-duWqlMPqu7yLt+5CZWTjOUjJ+TZ3hcmDwE4zJ7coZ1tP+hu3vt/NUZJwdQHPt235w6BX4MMdNzdecFbQNg8SJQ==",
      "license": "Apache-2.0",
      "dependencies": {
        "pareto-core": "^0.1.23",
        "pareto-core-shorthands": "^0.2.16"
      },
      "engines": {
        "node": ">=14.0.0"
      }
    },
    "node_modules/pareto-host-nodejs": {
      "version": "0.2.15",
      "resolved": "https://registry.npmjs.org/pareto-host-nodejs/-/pareto-host-nodejs-0.2.15.tgz",
      "integrity": "sha512-HTQOQqZQRiFliPAbFWSZ75idIPrJBn3BSzCygzl9uFXpOOPrUwfcSuvGUP/ZnRBL8VHaXQur33OUFZE02NkgXw==",
      "license": "ISC",
      "dependencies": {
        "pareto-resources": "^0.2.18"
      }
    },
    "node_modules/pareto-resources": {
      "version": "0.2.18",
      "resolved": "https://registry.npmjs.org/pareto-resources/-/pareto-resources-0.2.18.tgz",
      "integrity": "sha512-Udwe1dhHElc+0cryKl0WLK1g+Emtu37kcAbnU4WQw2JZn6zN3B2MEZP3j3X+a6lix1hwQ/2lesrmb/VW8x9SWA==",
      "dependencies": {
        "astn-core": "^0.5.15",
        "liana-core": "^0.0.3",
        "pareto-fountain-pen": "^0.4.10"
      }
    },
    "node_modules/pub": {
      "resolved": "../pub",
      "link": true
    }
  }
}
