{
  "name": "pareto-fountain-pen",
  "version": "0.4.79",
  "lockfileVersion": 3,
  "requires": true,
  "packages": {
    "": {
      "name": "pareto-fountain-pen",
      "version": "0.4.79",
      "license": "Apache-2.0",
      "dependencies": {
        "pareto-core": "^0.1.0",
        "pareto-core-shorthands": "^0.2.0"
      },
      "engines": {
        "node": ">=14.0.0"
      }
    },
    "node_modules/astn-core": {
      "version": "0.5.124",
      "resolved": "https://registry.npmjs.org/astn-core/-/astn-core-0.5.124.tgz",
      "integrity": "sha512-zSgBwTic0qJ70v/RWk7bVhqnVrKC82Xtv7u1KWJPb+prD6D4iSqvdGEt4UTGPvxoyD2eKX6sIeJFeYyHi2nchg==",
      "license": "Apache-2.0",
      "dependencies": {
        "pareto-core": "^0.1.0",
        "pareto-fountain-pen": "^0.4.0"
      }
    },
    "node_modules/liana-core": {
      "version": "0.1.33",
      "resolved": "https://registry.npmjs.org/liana-core/-/liana-core-0.1.33.tgz",
      "integrity": "sha512-82y5F+/P80MtdhVjibhYiPlLJBtUdqnosy5evFn8DR3U0zcxciH44+KJZu/x6sUWvD1fGBh9fLBsZUBOf1UbBw==",
      "license": "Apache-2.0",
      "dependencies": {
        "astn-core": "^0.5.0",
        "pareto-core": "^0.1.0"
      }
    },
    "node_modules/pareto-core": {
      "version": "0.1.238",
      "resolved": "https://registry.npmjs.org/pareto-core/-/pareto-core-0.1.238.tgz",
      "integrity": "sha512-sIQMeHfWFDYnseo73ZIpC00g7MQiWoG587lm3ahl/m/fE7UvBfIluXi93Ccjz/vOUkjhrPj7aMiC2pOaaSLLTg==",
      "license": "Apache-2.0"
    },
    "node_modules/pareto-core-shorthands": {
      "version": "0.2.53",
      "resolved": "https://registry.npmjs.org/pareto-core-shorthands/-/pareto-core-shorthands-0.2.53.tgz",
      "integrity": "sha512-s0VEtQch95FFW1UKnD+erkcA3RwiLKn0nnGrYhugIw/sFPyw5wNe7G03624z+fKcCDRVKpqw51KNfzjeWwmklA==",
      "license": "Apache-2.0",
      "dependencies": {
        "liana-core": "^0.1.0",
        "pareto-core": "^0.1.0"
      }
    },
    "node_modules/pareto-fountain-pen": {
      "version": "0.4.78",
      "resolved": "https://registry.npmjs.org/pareto-fountain-pen/-/pareto-fountain-pen-0.4.78.tgz",
      "integrity": "sha512-09rw97FFgzoNtwoB+g2yGKm0I45Wg+iL21QhCJ8fC37mrEceEPgQFYq+pL7AtnoSi0lpyZa/2OKA34dk7YiuPg==",
      "license": "Apache-2.0",
      "dependencies": {
        "pareto-core": "^0.1.0",
        "pareto-core-shorthands": "^0.2.0"
      },
      "engines": {
        "node": ">=14.0.0"
      }
    }
  }
}
