{
  "name": "pareto-fountain-pen",
  "version": "0.4.92",
  "lockfileVersion": 3,
  "requires": true,
  "packages": {
    "": {
      "name": "pareto-fountain-pen",
      "version": "0.4.92",
      "license": "Apache-2.0",
      "dependencies": {
        "pareto-core": "^0.1.0",
        "pareto-core-shorthands": "^0.2.0"
      },
      "engines": {
        "node": ">=14.0.0"
      }
    },
    "node_modules/astn-core": {
      "version": "0.5.136",
      "resolved": "https://registry.npmjs.org/astn-core/-/astn-core-0.5.136.tgz",
      "integrity": "sha512-oZq144fcrm/aB++hDsHUFpDvwRAUG6d+L7e5DSbSIb9wnOdHP9Tvy1yMbqa8u8ZkEnb6GirBPoMGibqzNNl3wQ==",
      "license": "Apache-2.0",
      "dependencies": {
        "pareto-core": "^0.1.0",
        "pareto-fountain-pen": "^0.4.0"
      }
    },
    "node_modules/liana-core": {
      "version": "0.1.39",
      "resolved": "https://registry.npmjs.org/liana-core/-/liana-core-0.1.39.tgz",
      "integrity": "sha512-SY/yIDQtosa/W0q7ZrM4OVcLgRIQwgLUhYcZHZMYW27NJ5O/xpfamYOjllkRvN+Dq+omlMOqsQNXs4I5Wn7gwA==",
      "license": "Apache-2.0",
      "dependencies": {
        "astn-core": "^0.5.0",
        "pareto-core": "^0.1.0",
        "pareto-fountain-pen": "^0.4.0"
      }
    },
    "node_modules/pareto-core": {
      "version": "0.1.267",
      "resolved": "https://registry.npmjs.org/pareto-core/-/pareto-core-0.1.267.tgz",
      "integrity": "sha512-/To/cVhLK8Ri0CZjLKDRKFICxSOzA1v3CvKi8dXVZcvRrQLEskPiqTImKrYQ3hplFsBrgqPdlfMG6wvZ5B27jw==",
      "license": "Apache-2.0"
    },
    "node_modules/pareto-core-shorthands": {
      "version": "0.2.59",
      "resolved": "https://registry.npmjs.org/pareto-core-shorthands/-/pareto-core-shorthands-0.2.59.tgz",
      "integrity": "sha512-oDuGuPJx1zez+l47LE0gL+oL6Cd0whsed5jKqwNxTDKxs1lxGyl+LBL9UDqgpRvVQn61nUerG+IA77TzeR4fjw==",
      "license": "Apache-2.0",
      "dependencies": {
        "liana-core": "^0.1.0",
        "pareto-core": "^0.1.0"
      }
    },
    "node_modules/pareto-fountain-pen": {
      "version": "0.4.91",
      "resolved": "https://registry.npmjs.org/pareto-fountain-pen/-/pareto-fountain-pen-0.4.91.tgz",
      "integrity": "sha512-8HahTO9FZFUbapt/KWpfIloWNgu1TRKM96WH3wFwJYW6sKLi3HkzoVB65KOacm0IZ2HIP7cWdR1e8Mos7KrV4Q==",
      "license": "Apache-2.0",
      "dependencies": {
        "pareto-core": "^0.1.0",
        "pareto-core-shorthands": "^0.2.0"
      },
      "engines": {
        "node": ">=14.0.0"
      }
    }
  }
}
