{
  "name": "pareto-fountain-pen",
  "version": "0.4.9",
  "lockfileVersion": 3,
  "requires": true,
  "packages": {
    "": {
      "name": "pareto-fountain-pen",
      "version": "0.4.9",
      "license": "Apache-2.0",
      "dependencies": {
        "pareto-core": "^0.1.23",
        "pareto-core-shorthands": "^0.2.15"
      },
      "engines": {
        "node": ">=14.0.0"
      }
    },
    "node_modules/pareto-core": {
      "version": "0.1.23",
      "resolved": "https://registry.npmjs.org/pareto-core/-/pareto-core-0.1.23.tgz",
      "integrity": "sha512-+1mjnJQwzOlPQ9d1TYE2gPIGQk+y5wQwIkVtdhGI7ZF2WNwp+TCzCO77Wv04lAh/kNFnMpQxS7MJ3/bYYsjZcw==",
      "license": "ISC"
    },
    "node_modules/pareto-core-shorthands": {
      "version": "0.2.15",
      "resolved": "https://registry.npmjs.org/pareto-core-shorthands/-/pareto-core-shorthands-0.2.15.tgz",
      "integrity": "sha512-CyYAB8g03kbKFCk9MAG3N8GzmTnsPK/lTK36rXAuFy9tQEvX7HpZIllLnbrjvsjAfbiRF137B/buPip/4RnSJg==",
      "license": "ISC",
      "dependencies": {
        "pareto-core": "^0.1.21"
      }
    }
  }
}
