{
  "name": "pareto-fountain-pen",
  "version": "0.4.9",
  "lockfileVersion": 3,
  "requires": true,
  "packages": {
    "": {
      "name": "pareto-fountain-pen",
      "version": "0.4.9",
      "license": "Apache-2.0",
      "dependencies": {
        "pareto-core": "^0.1.21",
        "pareto-core-shorthands": "^0.2.14"
      },
      "engines": {
        "node": ">=14.0.0"
      }
    },
    "node_modules/pareto-core": {
      "version": "0.1.21",
      "resolved": "https://registry.npmjs.org/pareto-core/-/pareto-core-0.1.21.tgz",
      "integrity": "sha512-epLQSQQZNEIlICWkMj1b+/goToEEJFcZHgymZn1HGpgUBKRUtnue+inZkSRRJTsnsUE2VyEzvKUYZY3AV9b/4g==",
      "license": "ISC"
    },
    "node_modules/pareto-core-shorthands": {
      "version": "0.2.14",
      "resolved": "https://registry.npmjs.org/pareto-core-shorthands/-/pareto-core-shorthands-0.2.14.tgz",
      "integrity": "sha512-jG///dEVia80KF2ZtgSRyvaSN9UkHvlRbL9jeE7VQm67LAP0WCSyM5ZZsVTT3emL2MCKwSXUEA/d9Fbf2Y45Ng==",
      "license": "ISC",
      "dependencies": {
        "pareto-core": "^0.1.21"
      }
    }
  }
}
