{
  "name": "pareto-fountain-pen",
  "version": "0.4.12",
  "lockfileVersion": 3,
  "requires": true,
  "packages": {
    "": {
      "name": "pareto-fountain-pen",
      "version": "0.4.12",
      "license": "Apache-2.0",
      "dependencies": {
        "pareto-core": "^0.1.29",
        "pareto-core-shorthands": "^0.2.17"
      },
      "engines": {
        "node": ">=14.0.0"
      }
    },
    "node_modules/pareto-core": {
      "version": "0.1.29",
      "resolved": "https://registry.npmjs.org/pareto-core/-/pareto-core-0.1.29.tgz",
      "integrity": "sha512-c6xn320n4+MB7a4uZskjAewcYh2iIfzKmo35BCdKFp4rm5qviuhIRQrjzawXBzzyCA9EhFhzMY+Xce2/pDBsBw==",
      "license": "ISC"
    },
    "node_modules/pareto-core-shorthands": {
      "version": "0.2.17",
      "resolved": "https://registry.npmjs.org/pareto-core-shorthands/-/pareto-core-shorthands-0.2.17.tgz",
      "integrity": "sha512-5j6bCRoTEzDHEWPBMnITA5Qf2qxNizhe5WjDLwbZrYK/OYIvJsYVZIUx/8kIUnBMNg8nk50cP4jOleEGZmKLPg==",
      "license": "ISC",
      "dependencies": {
        "pareto-core": "^0.1.25"
      }
    }
  }
}
